{
  "pins" : [
    {
      "identity" : "srtc-swift-sdk",
      "kind" : "remoteSourceControl",
      "location" : "https://github.com/seastart/srtc-swift-sdk.git",
      "state" : {
        "revision" : "127ea6826356789401b96cd8a72411177d6086f5",
        "version" : "1.4.0"
      }
    },
    {
      "identity" : "webrtc-xcframework",
      "kind" : "remoteSourceControl",
      "location" : "https://github.com/livekit/webrtc-xcframework.git",
      "state" : {
        "revision" : "883f7f39f0733be564eb033d7fa6ce10960f7b7e",
        "version" : "144.7559.10"
      }
    }
  ],
  "version" : 2
}
